
Microsoft Visual Studio Solution File, Format Version 12.00
# Visual Studio Version 17
VisualStudioVersion = 17.1.32210.238
MinimumVisualStudioVersion = 10.0.40219.1
Project("{FAE04EC0-301F-11D3-BF4B-00C04F79EFBC}") = "Session20-Gmail", "Session20-Gmail\Session20-Gmail.csproj", "{72EA7214-D7F8-42DE-9C6C-FB12182F32B2}"
EndProject
Global
	GlobalSection(SolutionConfigurationPlatforms) = preSolution
		Debug|Any CPU = Debug|Any CPU
		Release|Any CPU = Release|Any CPU
	EndGlobalSection
	GlobalSection(ProjectConfigurationPlatforms) = postSolution
		{72EA7214-D7F8-42DE-9C6C-FB12182F32B2}.Debug|Any CPU.ActiveCfg = Debug|Any CPU
		{72EA7214-D7F8-42DE-9C6C-FB12182F32B2}.Debug|Any CPU.Build.0 = Debug|Any CPU
		{72EA7214-D7F8-42DE-9C6C-FB12182F32B2}.Release|Any CPU.ActiveCfg = Release|Any CPU
		{72EA7214-D7F8-42DE-9C6C-FB12182F32B2}.Release|Any CPU.Build.0 = Release|Any CPU
	EndGlobalSection
	GlobalSection(SolutionProperties) = preSolution
		HideSolutionNode = FALSE
	EndGlobalSection
	GlobalSection(ExtensibilityGlobals) = postSolution
		SolutionGuid = {FA3B54F6-90D3-4163-9F6A-D8D27E909827}
	EndGlobalSection
EndGlobal
